
Microsoft Visual Studio Solution File, Format Version 12.00
# Visual Studio Version 17
VisualStudioVersion = 17.12.35707.178
MinimumVisualStudioVersion = 10.0.40219.1
Project("{FAE04EC0-301F-11D3-BF4B-00C04F79EFBC}") = "Core", "Core\Core.csproj", "{CEB79F43-A03E-48BB-814A-2B05162B0500}"
EndProject
Project("{FAE04EC0-301F-11D3-BF4B-00C04F79EFBC}") = "SudokuUI", "SudokuUI\SudokuUI.csproj", "{D43676E1-BECC-443C-B075-3878F2C3AACB}"
EndProject
Project("{FAE04EC0-301F-11D3-BF4B-00C04F79EFBC}") = "UnitTests", "UnitTests\UnitTests.csproj", "{01E75A5B-E29E-46C0-AACE-C56ECA9F1CBB}"
EndProject
Project("{FAE04EC0-301F-11D3-BF4B-00C04F79EFBC}") = "Sandbox", "Sandbox\Sandbox.csproj", "{F6EE4C07-2B64-414E-A7BA-704EC9AD1AD4}"
EndProject
Project("{FAE04EC0-301F-11D3-BF4B-00C04F79EFBC}") = "SudokuBlazorUI", "SudokuBlazorUI\SudokuBlazorUI.csproj", "{1D0B339F-866E-447E-A195-93EA3E824272}"
EndProject
Project("{FAE04EC0-301F-11D3-BF4B-00C04F79EFBC}") = "ImageImporter", "ImageImporter\ImageImporter.csproj", "{A8136E65-92B0-465B-B4D8-63A4C4546964}"
EndProject
Project("{FAE04EC0-301F-11D3-BF4B-00C04F79EFBC}") = "ImageImporterUI", "ImageImporterUI\ImageImporterUI.csproj", "{64F1E2AF-2D69-4072-AC0A-1168183446A2}"
EndProject
Project("{FAE04EC0-301F-11D3-BF4B-00C04F79EFBC}") = "PaddleOCRTest", "PaddleOCRTest\PaddleOCRTest.csproj", "{28267572-8FB2-42D9-A555-97E8F521C025}"
EndProject
Project("{FAE04EC0-301F-11D3-BF4B-00C04F79EFBC}") = "PaddleOCRUI", "PaddleOCRUI\PaddleOCRUI.csproj", "{3C7C367A-B7ED-4200-B32F-F178C1985976}"
EndProject
Global
	GlobalSection(SolutionConfigurationPlatforms) = preSolution
		Debug|Any CPU = Debug|Any CPU
		Release|Any CPU = Release|Any CPU
	EndGlobalSection
	GlobalSection(ProjectConfigurationPlatforms) = postSolution
		{CEB79F43-A03E-48BB-814A-2B05162B0500}.Debug|Any CPU.ActiveCfg = Debug|Any CPU
		{CEB79F43-A03E-48BB-814A-2B05162B0500}.Debug|Any CPU.Build.0 = Debug|Any CPU
		{CEB79F43-A03E-48BB-814A-2B05162B0500}.Release|Any CPU.ActiveCfg = Release|Any CPU
		{CEB79F43-A03E-48BB-814A-2B05162B0500}.Release|Any CPU.Build.0 = Release|Any CPU
		{D43676E1-BECC-443C-B075-3878F2C3AACB}.Debug|Any CPU.ActiveCfg = Debug|Any CPU
		{D43676E1-BECC-443C-B075-3878F2C3AACB}.Debug|Any CPU.Build.0 = Debug|Any CPU
		{D43676E1-BECC-443C-B075-3878F2C3AACB}.Release|Any CPU.ActiveCfg = Release|Any CPU
		{D43676E1-BECC-443C-B075-3878F2C3AACB}.Release|Any CPU.Build.0 = Release|Any CPU
		{01E75A5B-E29E-46C0-AACE-C56ECA9F1CBB}.Debug|Any CPU.ActiveCfg = Debug|Any CPU
		{01E75A5B-E29E-46C0-AACE-C56ECA9F1CBB}.Debug|Any CPU.Build.0 = Debug|Any CPU
		{01E75A5B-E29E-46C0-AACE-C56ECA9F1CBB}.Release|Any CPU.ActiveCfg = Release|Any CPU
		{01E75A5B-E29E-46C0-AACE-C56ECA9F1CBB}.Release|Any CPU.Build.0 = Release|Any CPU
		{F6EE4C07-2B64-414E-A7BA-704EC9AD1AD4}.Debug|Any CPU.ActiveCfg = Debug|Any CPU
		{F6EE4C07-2B64-414E-A7BA-704EC9AD1AD4}.Debug|Any CPU.Build.0 = Debug|Any CPU
		{F6EE4C07-2B64-414E-A7BA-704EC9AD1AD4}.Release|Any CPU.ActiveCfg = Release|Any CPU
		{F6EE4C07-2B64-414E-A7BA-704EC9AD1AD4}.Release|Any CPU.Build.0 = Release|Any CPU
		{1D0B339F-866E-447E-A195-93EA3E824272}.Debug|Any CPU.ActiveCfg = Debug|Any CPU
		{1D0B339F-866E-447E-A195-93EA3E824272}.Debug|Any CPU.Build.0 = Debug|Any CPU
		{1D0B339F-866E-447E-A195-93EA3E824272}.Release|Any CPU.ActiveCfg = Release|Any CPU
		{1D0B339F-866E-447E-A195-93EA3E824272}.Release|Any CPU.Build.0 = Release|Any CPU
		{A8136E65-92B0-465B-B4D8-63A4C4546964}.Debug|Any CPU.ActiveCfg = Debug|Any CPU
		{A8136E65-92B0-465B-B4D8-63A4C4546964}.Debug|Any CPU.Build.0 = Debug|Any CPU
		{A8136E65-92B0-465B-B4D8-63A4C4546964}.Release|Any CPU.ActiveCfg = Release|Any CPU
		{A8136E65-92B0-465B-B4D8-63A4C4546964}.Release|Any CPU.Build.0 = Release|Any CPU
		{64F1E2AF-2D69-4072-AC0A-1168183446A2}.Debug|Any CPU.ActiveCfg = Debug|Any CPU
		{64F1E2AF-2D69-4072-AC0A-1168183446A2}.Debug|Any CPU.Build.0 = Debug|Any CPU
		{64F1E2AF-2D69-4072-AC0A-1168183446A2}.Release|Any CPU.ActiveCfg = Release|Any CPU
		{64F1E2AF-2D69-4072-AC0A-1168183446A2}.Release|Any CPU.Build.0 = Release|Any CPU
		{28267572-8FB2-42D9-A555-97E8F521C025}.Debug|Any CPU.ActiveCfg = Debug|Any CPU
		{28267572-8FB2-42D9-A555-97E8F521C025}.Debug|Any CPU.Build.0 = Debug|Any CPU
		{28267572-8FB2-42D9-A555-97E8F521C025}.Release|Any CPU.ActiveCfg = Release|Any CPU
		{28267572-8FB2-42D9-A555-97E8F521C025}.Release|Any CPU.Build.0 = Release|Any CPU
		{3C7C367A-B7ED-4200-B32F-F178C1985976}.Debug|Any CPU.ActiveCfg = Debug|Any CPU
		{3C7C367A-B7ED-4200-B32F-F178C1985976}.Debug|Any CPU.Build.0 = Debug|Any CPU
		{3C7C367A-B7ED-4200-B32F-F178C1985976}.Release|Any CPU.ActiveCfg = Release|Any CPU
		{3C7C367A-B7ED-4200-B32F-F178C1985976}.Release|Any CPU.Build.0 = Release|Any CPU
	EndGlobalSection
	GlobalSection(SolutionProperties) = preSolution
		HideSolutionNode = FALSE
	EndGlobalSection
	GlobalSection(ExtensibilityGlobals) = postSolution
		SolutionGuid = {85BB54D5-AD3C-4E59-A531-EE1E4B66ECC4}
	EndGlobalSection
EndGlobal
